// !$*UTF8*$!
{
	archiveVersion = 1;
	classes = {
	};
	objectVersion = 55;
	objects = {

/* Begin PBXBuildFile section */
		4F233031EF20E2F2655F0C32 /* Pods_WebexSharpie.framework in Frameworks */ = {isa = PBXBuildFile; fileRef = E2FAB228B829EAB869446CD7 /* Pods_WebexSharpie.framework */; };
		A3EBB5F827C7AEF1008F5296 /* WebexSharpie.swift in Sources */ = {isa = PBXBuildFile; fileRef = A3EBB5F727C7AEF1008F5296 /* WebexSharpie.swift */; };
/* End PBXBuildFile section */

/* Begin PBXCopyFilesBuildPhase section */
		A3EBB5F227C7AEF1008F5296 /* CopyFiles */ = {
			isa = PBXCopyFilesBuildPhase;
			buildActionMask = 2147483647;
			dstPath = "include/$(PRODUCT_NAME)";
			dstSubfolderSpec = 16;
			files = (
			);
			runOnlyForDeploymentPostprocessing = 0;
		};
/* End PBXCopyFilesBuildPhase section */

/* Begin PBXFileReference section */
		8A54C0E3575D03A136089236 /* Pods-WebexSharpie.debug.xcconfig */ = {isa = PBXFileReference; includeInIndex = 1; lastKnownFileType = text.xcconfig; name = "Pods-WebexSharpie.debug.xcconfig"; path = "Target Support Files/Pods-WebexSharpie/Pods-WebexSharpie.debug.xcconfig"; sourceTree = "<group>"; };
		A3EBB5F427C7AEF1008F5296 /* libWebexSharpie.a */ = {isa = PBXFileReference; explicitFileType = archive.ar; includeInIndex = 0; path = libWebexSharpie.a; sourceTree = BUILT_PRODUCTS_DIR; };
		A3EBB5F727C7AEF1008F5296 /* WebexSharpie.swift */ = {isa = PBXFileReference; lastKnownFileType = sourcecode.swift; path = WebexSharpie.swift; sourceTree = "<group>"; };
		BCAB46FF99B6FF369DE9D208 /* Pods-WebexSharpie.release.xcconfig */ = {isa = PBXFileReference; includeInIndex = 1; lastKnownFileType = text.xcconfig; name = "Pods-WebexSharpie.release.xcconfig"; path = "Target Support Files/Pods-WebexSharpie/Pods-WebexSharpie.release.xcconfig"; sourceTree = "<group>"; };
		E2FAB228B829EAB869446CD7 /* Pods_WebexSharpie.framework */ = {isa = PBXFileReference; explicitFileType = wrapper.framework; includeInIndex = 0; path = Pods_WebexSharpie.framework; sourceTree = BUILT_PRODUCTS_DIR; };
/* End PBXFileReference section */

/* Begin PBXFrameworksBuildPhase section */
		A3EBB5F127C7AEF1008F5296 /* Frameworks */ = {
			isa = PBXFrameworksBuildPhase;
			buildActionMask = 2147483647;
			files = (
				4F233031EF20E2F2655F0C32 /* Pods_WebexSharpie.framework in Frameworks */,
			);
			runOnlyForDeploymentPostprocessing = 0;
		};
/* End PBXFrameworksBuildPhase section */

/* Begin PBXGroup section */
		A3EBB5EB27C7AEF1008F5296 = {
			isa = PBXGroup;
			children = (
				A3EBB5F627C7AEF1008F5296 /* WebexSharpie */,
				A3EBB5F527C7AEF1008F5296 /* Products */,
				B259953E4D5D3BE0380695B2 /* Pods */,
				C438417FCA4968A4C21BF602 /* Frameworks */,
			);
			sourceTree = "<group>";
		};
		A3EBB5F527C7AEF1008F5296 /* Products */ = {
			isa = PBXGroup;
			children = (
				A3EBB5F427C7AEF1008F5296 /* libWebexSharpie.a */,
			);
			name = Products;
			sourceTree = "<group>";
		};
		A3EBB5F627C7AEF1008F5296 /* WebexSharpie */ = {
			isa = PBXGroup;
			children = (
				A3EBB5F727C7AEF1008F5296 /* WebexSharpie.swift */,
			);
			path = WebexSharpie;
			sourceTree = "<group>";
		};
		B259953E4D5D3BE0380695B2 /* Pods */ = {
			isa = PBXGroup;
			children = (
				8A54C0E3575D03A136089236 /* Pods-WebexSharpie.debug.xcconfig */,
				BCAB46FF99B6FF369DE9D208 /* Pods-WebexSharpie.release.xcconfig */,
			);
			name = Pods;
			path = Pods;
			sourceTree = "<group>";
		};
		C438417FCA4968A4C21BF602 /* Frameworks */ = {
			isa = PBXGroup;
			children = (
				E2FAB228B829EAB869446CD7 /* Pods_WebexSharpie.framework */,
			);
			name = Frameworks;
			sourceTree = "<group>";
		};
/* End PBXGroup section */

/* Begin PBXNativeTarget section */
		A3EBB5F327C7AEF1008F5296 /* WebexSharpie */ = {
			isa = PBXNativeTarget;
			buildConfigurationList = A3EBB5FB27C7AEF1008F5296 /* Build configuration list for PBXNativeTarget "WebexSharpie" */;
			buildPhases = (
				6EFBD8057F0858D0D1EA1087 /* [CP] Check Pods Manifest.lock */,
				A3EBB5F027C7AEF1008F5296 /* Sources */,
				A3EBB5F127C7AEF1008F5296 /* Frameworks */,
				A3EBB5F227C7AEF1008F5296 /* CopyFiles */,
			);
			buildRules = (
			);
			dependencies = (
			);
			name = WebexSharpie;
			productName = WebexSharpie;
			productReference = A3EBB5F427C7AEF1008F5296 /* libWebexSharpie.a */;
			productType = "com.apple.product-type.library.static";
		};
/* End PBXNativeTarget section */

/* Begin PBXProject section */
		A3EBB5EC27C7AEF1008F5296 /* Project object */ = {
			isa = PBXProject;
			attributes = {
				BuildIndependentTargetsInParallel = 1;
				LastSwiftUpdateCheck = 1320;
				LastUpgradeCheck = 1320;
				TargetAttributes = {
					A3EBB5F327C7AEF1008F5296 = {
						CreatedOnToolsVersion = 13.2.1;
					};
				};
			};
			buildConfigurationList = A3EBB5EF27C7AEF1008F5296 /* Build configuration list for PBXProject "WebexSharpie" */;
			compatibilityVersion = "Xcode 13.0";
			developmentRegion = en;
			hasScannedForEncodings = 0;
			knownRegions = (
				en,
				Base,
			);
			mainGroup = A3EBB5EB27C7AEF1008F5296;
			productRefGroup = A3EBB5F527C7AEF1008F5296 /* Products */;
			projectDirPath = "";
			projectRoot = "";
			targets = (
				A3EBB5F327C7AEF1008F5296 /* WebexSharpie */,
			);
		};
/* End PBXProject section */

/* Begin PBXShellScriptBuildPhase section */
		6EFBD8057F0858D0D1EA1087 /* [CP] Check Pods Manifest.lock */ = {
			isa = PBXShellScriptBuildPhase;
			buildActionMask = 2147483647;
			files = (
			);
			inputFileListPaths = (
			);
			inputPaths = (
				"${PODS_PODFILE_DIR_PATH}/Podfile.lock",
				"${PODS_ROOT}/Manifest.lock",
			);
			name = "[CP] Check Pods Manifest.lock";
			outputFileListPaths = (
			);
			outputPaths = (
				"$(DERIVED_FILE_DIR)/Pods-WebexSharpie-checkManifestLockResult.txt",
			);
			runOnlyForDeploymentPostprocessing = 0;
			shellPath = /bin/sh;
			shellScript = "diff \"${PODS_PODFILE_DIR_PATH}/Podfile.lock\" \"${PODS_ROOT}/Manifest.lock\" > /dev/null\nif [ $? != 0 ] ; then\n    # print error to STDERR\n    echo \"error: The sandbox is not in sync with the Podfile.lock. Run 'pod install' or update your CocoaPods installation.\" >&2\n    exit 1\nfi\n# This output is used by Xcode 'outputs' to avoid re-running this script phase.\necho \"SUCCESS\" > \"${SCRIPT_OUTPUT_FILE_0}\"\n";
			showEnvVarsInLog = 0;
		};
/* End PBXShellScriptBuildPhase section */

/* Begin PBXSourcesBuildPhase section */
		A3EBB5F027C7AEF1008F5296 /* Sources */ = {
			isa = PBXSourcesBuildPhase;
			buildActionMask = 2147483647;
			files = (
				A3EBB5F827C7AEF1008F5296 /* WebexSharpie.swift in Sources */,
			);
			runOnlyForDeploymentPostprocessing = 0;
		};
/* End PBXSourcesBuildPhase section */

/* Begin XCBuildConfiguration section */
		A3EBB5F927C7AEF1008F5296 /* Debug */ = {
			isa = XCBuildConfiguration;
			buildSettings = {
				ALWAYS_SEARCH_USER_PATHS = NO;
				CLANG_ANALYZER_NONNULL = YES;
				CLANG_ANALYZER_NUMBER_OBJECT_CONVERSION = YES_AGGRESSIVE;
				CLANG_CXX_LANGUAGE_STANDARD = "gnu++17";
				CLANG_CXX_LIBRARY = "libc++";
				CLANG_ENABLE_MODULES = YES;
				CLANG_ENABLE_OBJC_ARC = YES;
				CLANG_ENABLE_OBJC_WEAK = YES;
				CLANG_WARN_BLOCK_CAPTURE_AUTORELEASING = YES;
				CLANG_WARN_BOOL_CONVERSION = YES;
				CLANG_WARN_COMMA = YES;
				CLANG_WARN_CONSTANT_CONVERSION = YES;
				CLANG_WARN_DEPRECATED_OBJC_IMPLEMENTATIONS = YES;
				CLANG_WARN_DIRECT_OBJC_ISA_USAGE = YES_ERROR;
				CLANG_WARN_DOCUMENTATION_COMMENTS = YES;
				CLANG_WARN_EMPTY_BODY = YES;
				CLANG_WARN_ENUM_CONVERSION = YES;
				CLANG_WARN_INFINITE_RECURSION = YES;
				CLANG_WARN_INT_CONVERSION = YES;
				CLANG_WARN_NON_LITERAL_NULL_CONVERSION = YES;
				CLANG_WARN_OBJC_IMPLICIT_RETAIN_SELF = YES;
				CLANG_WARN_OBJC_LITERAL_CONVERSION = YES;
				CLANG_WARN_OBJC_ROOT_CLASS = YES_ERROR;
				CLANG_WARN_QUOTED_INCLUDE_IN_FRAMEWORK_HEADER = YES;
				CLANG_WARN_RANGE_LOOP_ANALYSIS = YES;
				CLANG_WARN_STRICT_PROTOTYPES = YES;
				CLANG_WARN_SUSPICIOUS_MOVE = YES;
				CLANG_WARN_UNGUARDED_AVAILABILITY = YES_AGGRESSIVE;
				CLANG_WARN_UNREACHABLE_CODE = YES;
				CLANG_WARN__DUPLICATE_METHOD_MATCH = YES;
				COPY_PHASE_STRIP = NO;
				DEBUG_INFORMATION_FORMAT = dwarf;
				ENABLE_STRICT_OBJC_MSGSEND = YES;
				ENABLE_TESTABILITY = YES;
				GCC_C_LANGUAGE_STANDARD = gnu11;
				GCC_DYNAMIC_NO_PIC = NO;
				GCC_NO_COMMON_BLOCKS = YES;
				GCC_OPTIMIZATION_LEVEL = 0;
				GCC_PREPROCESSOR_DEFINITIONS = (
					"DEBUG=1",
					"$(inherited)",
				);
				GCC_WARN_64_TO_32_BIT_CONVERSION = YES;
				GCC_WARN_ABOUT_RETURN_TYPE = YES_ERROR;
				GCC_WARN_UNDECLARED_SELECTOR = YES;
				GCC_WARN_UNINITIALIZED_AUTOS = YES_AGGRESSIVE;
				GCC_WARN_UNUSED_FUNCTION = YES;
				GCC_WARN_UNUSED_VARIABLE = YES;
				IPHONEOS_DEPLOYMENT_TARGET = 15.2;
				MTL_ENABLE_DEBUG_INFO = INCLUDE_SOURCE;
				MTL_FAST_MATH = YES;
				ONLY_ACTIVE_ARCH = YES;
				SDKROOT = iphoneos;
				SWIFT_ACTIVE_COMPILATION_CONDITIONS = DEBUG;
				SWIFT_OPTIMIZATION_LEVEL = "-Onone";
			};
			name = Debug;
		};
		A3EBB5FA27C7AEF1008F5296 /* Release */ = {
			isa = XCBuildConfiguration;
			buildSettings = {
				ALWAYS_SEARCH_USER_PATHS = NO;
				CLANG_ANALYZER_NONNULL = YES;
				CLANG_ANALYZER_NUMBER_OBJECT_CONVERSION = YES_AGGRESSIVE;
				CLANG_CXX_LANGUAGE_STANDARD = "gnu++17";
				CLANG_CXX_LIBRARY = "libc++";
				CLANG_ENABLE_MODULES = YES;
				CLANG_ENABLE_OBJC_ARC = YES;
				CLANG_ENABLE_OBJC_WEAK = YES;
				CLANG_WARN_BLOCK_CAPTURE_AUTORELEASING = YES;
				CLANG_WARN_BOOL_CONVERSION = YES;
				CLANG_WARN_COMMA = YES;
				CLANG_WARN_CONSTANT_CONVERSION = YES;
				CLANG_WARN_DEPRECATED_OBJC_IMPLEMENTATIONS = YES;
				CLANG_WARN_DIRECT_OBJC_ISA_USAGE = YES_ERROR;
				CLANG_WARN_DOCUMENTATION_COMMENTS = YES;
				CLANG_WARN_EMPTY_BODY = YES;
				CLANG_WARN_ENUM_CONVERSION = YES;
				CLANG_WARN_INFINITE_RECURSION = YES;
				CLANG_WARN_INT_CONVERSION = YES;
				CLANG_WARN_NON_LITERAL_NULL_CONVERSION = YES;
				CLANG_WARN_OBJC_IMPLICIT_RETAIN_SELF = YES;
				CLANG_WARN_OBJC_LITERAL_CONVERSION = YES;
				CLANG_WARN_OBJC_ROOT_CLASS = YES_ERROR;
				CLANG_WARN_QUOTED_INCLUDE_IN_FRAMEWORK_HEADER = YES;
				CLANG_WARN_RANGE_LOOP_ANALYSIS = YES;
				CLANG_WARN_STRICT_PROTOTYPES = YES;
				CLANG_WARN_SUSPICIOUS_MOVE = YES;
				CLANG_WARN_UNGUARDED_AVAILABILITY = YES_AGGRESSIVE;
				CLANG_WARN_UNREACHABLE_CODE = YES;
				CLANG_WARN__DUPLICATE_METHOD_MATCH = YES;
				COPY_PHASE_STRIP = NO;
				DEBUG_INFORMATION_FORMAT = "dwarf-with-dsym";
				ENABLE_NS_ASSERTIONS = NO;
				ENABLE_STRICT_OBJC_MSGSEND = YES;
				GCC_C_LANGUAGE_STANDARD = gnu11;
				GCC_NO_COMMON_BLOCKS = YES;
				GCC_WARN_64_TO_32_BIT_CONVERSION = YES;
				GCC_WARN_ABOUT_RETURN_TYPE = YES_ERROR;
				GCC_WARN_UNDECLARED_SELECTOR = YES;
				GCC_WARN_UNINITIALIZED_AUTOS = YES_AGGRESSIVE;
				GCC_WARN_UNUSED_FUNCTION = YES;
				GCC_WARN_UNUSED_VARIABLE = YES;
				IPHONEOS_DEPLOYMENT_TARGET = 15.2;
				MTL_ENABLE_DEBUG_INFO = NO;
				MTL_FAST_MATH = YES;
				SDKROOT = iphoneos;
				SWIFT_COMPILATION_MODE = wholemodule;
				SWIFT_OPTIMIZATION_LEVEL = "-O";
				VALIDATE_PRODUCT = YES;
			};
			name = Release;
		};
		A3EBB5FC27C7AEF1008F5296 /* Debug */ = {
			isa = XCBuildConfiguration;
			baseConfigurationReference = 8A54C0E3575D03A136089236 /* Pods-WebexSharpie.debug.xcconfig */;
			buildSettings = {
				CODE_SIGN_STYLE = Automatic;
				DEVELOPMENT_TEAM = 7442UNQ2T9;
				OTHER_LDFLAGS = "-ObjC";
				PRODUCT_NAME = "$(TARGET_NAME)";
				SKIP_INSTALL = YES;
				SWIFT_VERSION = 5.0;
				TARGETED_DEVICE_FAMILY = "1,2";
			};
			name = Debug;
		};
		A3EBB5FD27C7AEF1008F5296 /* Release */ = {
			isa = XCBuildConfiguration;
			baseConfigurationReference = BCAB46FF99B6FF369DE9D208 /* Pods-WebexSharpie.release.xcconfig */;
			buildSettings = {
				CODE_SIGN_STYLE = Automatic;
				DEVELOPMENT_TEAM = 7442UNQ2T9;
				OTHER_LDFLAGS = "-ObjC";
				PRODUCT_NAME = "$(TARGET_NAME)";
				SKIP_INSTALL = YES;
				SWIFT_VERSION = 5.0;
				TARGETED_DEVICE_FAMILY = "1,2";
			};
			name = Release;
		};
/* End XCBuildConfiguration section */

/* Begin XCConfigurationList section */
		A3EBB5EF27C7AEF1008F5296 /* Build configuration list for PBXProject "WebexSharpie" */ = {
			isa = XCConfigurationList;
			buildConfigurations = (
				A3EBB5F927C7AEF1008F5296 /* Debug */,
				A3EBB5FA27C7AEF1008F5296 /* Release */,
			);
			defaultConfigurationIsVisible = 0;
			defaultConfigurationName = Release;
		};
		A3EBB5FB27C7AEF1008F5296 /* Build configuration list for PBXNativeTarget "WebexSharpie" */ = {
			isa = XCConfigurationList;
			buildConfigurations = (
				A3EBB5FC27C7AEF1008F5296 /* Debug */,
				A3EBB5FD27C7AEF1008F5296 /* Release */,
			);
			defaultConfigurationIsVisible = 0;
			defaultConfigurationName = Release;
		};
/* End XCConfigurationList section */
	};
	rootObject = A3EBB5EC27C7AEF1008F5296 /* Project object */;
}
